github.com/Firdavs2002/wallet v1.2.0 h1:IV9CkfJ3pkNWtZDpZNLCQav1VoQB3Tg4pVS/4ie+yow=
github.com/Firdavs2002/wallet v1.2.0/go.mod h1:42hl0hQ293T4oJTLPo5zh+ALc5WxfrYXLVgZkAhAbkQ=
github.com/google/uuid v1.1.2 h1:EVhdT+1Kseyi1/pUmXKaFxYsDNy9RQYkMWRH68J/W7Y=
github.com/google/uuid v1.1.2/go.mod h1:TIyPZe4MgqvfeYDBFedMoGGpEw/LqOeaOT+nhxU+yHo=
